
Microsoft Visual Studio Solution File, Format Version 12.00
# Visual Studio Version 17
VisualStudioVersion = 17.6.33829.357
MinimumVisualStudioVersion = 10.0.40219.1
Project("{FAE04EC0-301F-11D3-BF4B-00C04F79EFBC}") = "RateMyCollegeDining", "RateMyCollegeDining.csproj", "{49003E11-D1D5-4DFE-8FEA-EA82F4501FF8}"
EndProject
Global
	GlobalSection(SolutionConfigurationPlatforms) = preSolution
		Debug|Any CPU = Debug|Any CPU
		Release|Any CPU = Release|Any CPU
	EndGlobalSection
	GlobalSection(ProjectConfigurationPlatforms) = postSolution
		{49003E11-D1D5-4DFE-8FEA-EA82F4501FF8}.Debug|Any CPU.ActiveCfg = Debug|Any CPU
		{49003E11-D1D5-4DFE-8FEA-EA82F4501FF8}.Debug|Any CPU.Build.0 = Debug|Any CPU
		{49003E11-D1D5-4DFE-8FEA-EA82F4501FF8}.Release|Any CPU.ActiveCfg = Release|Any CPU
		{49003E11-D1D5-4DFE-8FEA-EA82F4501FF8}.Release|Any CPU.Build.0 = Release|Any CPU
	EndGlobalSection
	GlobalSection(SolutionProperties) = preSolution
		HideSolutionNode = FALSE
	EndGlobalSection
	GlobalSection(ExtensibilityGlobals) = postSolution
		SolutionGuid = {A59AA2D8-98BF-49AD-B74E-572F69B95899}
	EndGlobalSection
EndGlobal
